
Microsoft Visual Studio Solution File, Format Version 12.00
# Visual Studio Version 16
VisualStudioVersion = 16.0.30114.105
MinimumVisualStudioVersion = 10.0.40219.1
Project("{FAE04EC0-301F-11D3-BF4B-00C04F79EFBC}") = "CaprineNet.Common.Extensions", "CaprineNet.Common.Extensions\CaprineNet.Common.Extensions.csproj", "{B485F617-C025-462F-AFAA-4A404F56B4B5}"
EndProject
Project("{FAE04EC0-301F-11D3-BF4B-00C04F79EFBC}") = "CaprineNet.Common.Utils", "CaprineNet.Common.Utils\CaprineNet.Common.Utils.csproj", "{BB410A74-F170-4666-8D7F-C04B4D5CBFCE}"
EndProject
Global
	GlobalSection(SolutionConfigurationPlatforms) = preSolution
		Debug|Any CPU = Debug|Any CPU
		Release|Any CPU = Release|Any CPU
	EndGlobalSection
	GlobalSection(ProjectConfigurationPlatforms) = postSolution
		{B485F617-C025-462F-AFAA-4A404F56B4B5}.Debug|Any CPU.ActiveCfg = Debug|Any CPU
		{B485F617-C025-462F-AFAA-4A404F56B4B5}.Debug|Any CPU.Build.0 = Debug|Any CPU
		{B485F617-C025-462F-AFAA-4A404F56B4B5}.Release|Any CPU.ActiveCfg = Release|Any CPU
		{B485F617-C025-462F-AFAA-4A404F56B4B5}.Release|Any CPU.Build.0 = Release|Any CPU
		{BB410A74-F170-4666-8D7F-C04B4D5CBFCE}.Debug|Any CPU.ActiveCfg = Debug|Any CPU
		{BB410A74-F170-4666-8D7F-C04B4D5CBFCE}.Debug|Any CPU.Build.0 = Debug|Any CPU
		{BB410A74-F170-4666-8D7F-C04B4D5CBFCE}.Release|Any CPU.ActiveCfg = Release|Any CPU
		{BB410A74-F170-4666-8D7F-C04B4D5CBFCE}.Release|Any CPU.Build.0 = Release|Any CPU
	EndGlobalSection
	GlobalSection(SolutionProperties) = preSolution
		HideSolutionNode = FALSE
	EndGlobalSection
	GlobalSection(ExtensibilityGlobals) = postSolution
		SolutionGuid = {19EC6CC7-1CF9-410F-9255-B5564F77DB82}
	EndGlobalSection
EndGlobal
